// !$*UTF8*$!
{
	archiveVersion = 1;
	classes = {
	};
	objectVersion = 46;
	objects = {

/* Begin PBXBuildFile section */
		67EFEA3886C2CDE6C4CF650F /* libPods.a in Frameworks */ = {isa = PBXBuildFile; fileRef = 615CDC253215BF20EFB1F963 /* libPods.a */; };
		FA1EAB741A977B6E001C0FB6 /* CategoryB.m in Sources */ = {isa = PBXBuildFile; fileRef = FA1EAB731A977B6E001C0FB6 /* CategoryB.m */; };
		FA4232A01A8609EC00977CF0 /* main.m in Sources */ = {isa = PBXBuildFile; fileRef = FA42329F1A8609EC00977CF0 /* main.m */; };
		FA4232A31A8609EC00977CF0 /* AppDelegate.m in Sources */ = {isa = PBXBuildFile; fileRef = FA4232A21A8609EC00977CF0 /* AppDelegate.m */; };
		FA4232AE1A8609EC00977CF0 /* Images.xcassets in Resources */ = {isa = PBXBuildFile; fileRef = FA4232AD1A8609EC00977CF0 /* Images.xcassets */; };
		FA4232B11A8609EC00977CF0 /* LaunchScreen.xib in Resources */ = {isa = PBXBuildFile; fileRef = FA4232AF1A8609EC00977CF0 /* LaunchScreen.xib */; };
		FA4232BD1A8609EC00977CF0 /* beerTests.m in Sources */ = {isa = PBXBuildFile; fileRef = FA4232BC1A8609EC00977CF0 /* beerTests.m */; };
		FAD806AD1A87CA3C0097610D /* Entitlements.plist in Resources */ = {isa = PBXBuildFile; fileRef = FAD806AC1A87CA3C0097610D /* Entitlements.plist */; };
		FAE56B811A98E5C7002DBA35 /* Main.storyboard in Resources */ = {isa = PBXBuildFile; fileRef = FAE56B7F1A98E5C7002DBA35 /* Main.storyboard */; };
		FAE56B831A98F1B8002DBA35 /* Beer.m in Sources */ = {isa = PBXBuildFile; fileRef = FAE56B821A98F1B8002DBA35 /* Beer.m */; };
		FAE56B851A98F26F002DBA35 /* StyleB.m in Sources */ = {isa = PBXBuildFile; fileRef = FAE56B841A98F26F002DBA35 /* StyleB.m */; };
		FAE56B8F1A98F295002DBA35 /* BeerTableViewController.m in Sources */ = {isa = PBXBuildFile; fileRef = FAE56B881A98F295002DBA35 /* BeerTableViewController.m */; };
		FAE56B901A98F295002DBA35 /* BeerViewController.m in Sources */ = {isa = PBXBuildFile; fileRef = FAE56B8A1A98F295002DBA35 /* BeerViewController.m */; };
		FAE56B911A98F295002DBA35 /* CategoryTableViewController.m in Sources */ = {isa = PBXBuildFile; fileRef = FAE56B8C1A98F295002DBA35 /* CategoryTableViewController.m */; };
		FAE56B921A98F295002DBA35 /* StyleTableViewController.m in Sources */ = {isa = PBXBuildFile; fileRef = FAE56B8E1A98F295002DBA35 /* StyleTableViewController.m */; };
/* End PBXBuildFile section */

/* Begin PBXContainerItemProxy section */
		FA4232B71A8609EC00977CF0 /* PBXContainerItemProxy */ = {
			isa = PBXContainerItemProxy;
			containerPortal = FA4232921A8609EC00977CF0 /* Project object */;
			proxyType = 1;
			remoteGlobalIDString = FA4232991A8609EC00977CF0;
			remoteInfo = beer;
		};
/* End PBXContainerItemProxy section */

/* Begin PBXFileReference section */
		615CDC253215BF20EFB1F963 /* libPods.a */ = {isa = PBXFileReference; explicitFileType = archive.ar; includeInIndex = 0; path = libPods.a; sourceTree = BUILT_PRODUCTS_DIR; };
		78118ABBD50ACBB5C4327FA8 /* Pods.release.xcconfig */ = {isa = PBXFileReference; includeInIndex = 1; lastKnownFileType = text.xcconfig; name = Pods.release.xcconfig; path = "Pods/Target Support Files/Pods/Pods.release.xcconfig"; sourceTree = "<group>"; };
		FA1EAB721A9775D4001C0FB6 /* CategoryB.h */ = {isa = PBXFileReference; fileEncoding = 4; lastKnownFileType = sourcecode.c.h; name = CategoryB.h; path = metier/CategoryB.h; sourceTree = "<group>"; };
		FA1EAB731A977B6E001C0FB6 /* CategoryB.m */ = {isa = PBXFileReference; fileEncoding = 4; lastKnownFileType = sourcecode.c.objc; name = CategoryB.m; path = metier/CategoryB.m; sourceTree = "<group>"; };
		FA1EAB781A9783BA001C0FB6 /* StyleB.h */ = {isa = PBXFileReference; fileEncoding = 4; lastKnownFileType = sourcecode.c.h; name = StyleB.h; path = metier/StyleB.h; sourceTree = "<group>"; };
		FA42329A1A8609EC00977CF0 /* beer.app */ = {isa = PBXFileReference; explicitFileType = wrapper.application; includeInIndex = 0; path = beer.app; sourceTree = BUILT_PRODUCTS_DIR; };
		FA42329E1A8609EC00977CF0 /* Info.plist */ = {isa = PBXFileReference; lastKnownFileType = text.plist.xml; path = Info.plist; sourceTree = "<group>"; };
		FA42329F1A8609EC00977CF0 /* main.m */ = {isa = PBXFileReference; lastKnownFileType = sourcecode.c.objc; path = main.m; sourceTree = "<group>"; };
		FA4232A11A8609EC00977CF0 /* AppDelegate.h */ = {isa = PBXFileReference; lastKnownFileType = sourcecode.c.h; path = AppDelegate.h; sourceTree = "<group>"; };
		FA4232A21A8609EC00977CF0 /* AppDelegate.m */ = {isa = PBXFileReference; lastKnownFileType = sourcecode.c.objc; path = AppDelegate.m; sourceTree = "<group>"; };
		FA4232AD1A8609EC00977CF0 /* Images.xcassets */ = {isa = PBXFileReference; lastKnownFileType = folder.assetcatalog; path = Images.xcassets; sourceTree = "<group>"; };
		FA4232B01A8609EC00977CF0 /* Base */ = {isa = PBXFileReference; lastKnownFileType = file.xib; name = Base; path = Base.lproj/LaunchScreen.xib; sourceTree = "<group>"; };
		FA4232B61A8609EC00977CF0 /* beerTests.xctest */ = {isa = PBXFileReference; explicitFileType = wrapper.cfbundle; includeInIndex = 0; path = beerTests.xctest; sourceTree = BUILT_PRODUCTS_DIR; };
		FA4232BB1A8609EC00977CF0 /* Info.plist */ = {isa = PBXFileReference; lastKnownFileType = text.plist.xml; path = Info.plist; sourceTree = "<group>"; };
		FA4232BC1A8609EC00977CF0 /* beerTests.m */ = {isa = PBXFileReference; lastKnownFileType = sourcecode.c.objc; path = beerTests.m; sourceTree = "<group>"; };
		FA4232C61A860FC200977CF0 /* Beer.h */ = {isa = PBXFileReference; lastKnownFileType = sourcecode.c.h; name = Beer.h; path = metier/Beer.h; sourceTree = "<group>"; };
		FAD806AC1A87CA3C0097610D /* Entitlements.plist */ = {isa = PBXFileReference; fileEncoding = 4; lastKnownFileType = text.plist.xml; path = Entitlements.plist; sourceTree = "<group>"; };
		FAE56B801A98E5C7002DBA35 /* Base */ = {isa = PBXFileReference; lastKnownFileType = file.storyboard; name = Base; path = Base.lproj/Main.storyboard; sourceTree = "<group>"; };
		FAE56B821A98F1B8002DBA35 /* Beer.m */ = {isa = PBXFileReference; fileEncoding = 4; lastKnownFileType = sourcecode.c.objc; name = Beer.m; path = metier/Beer.m; sourceTree = "<group>"; };
		FAE56B841A98F26F002DBA35 /* StyleB.m */ = {isa = PBXFileReference; fileEncoding = 4; lastKnownFileType = sourcecode.c.objc; name = StyleB.m; path = metier/StyleB.m; sourceTree = "<group>"; };
		FAE56B871A98F295002DBA35 /* BeerTableViewController.h */ = {isa = PBXFileReference; fileEncoding = 4; lastKnownFileType = sourcecode.c.h; path = BeerTableViewController.h; sourceTree = "<group>"; };
		FAE56B881A98F295002DBA35 /* BeerTableViewController.m */ = {isa = PBXFileReference; fileEncoding = 4; lastKnownFileType = sourcecode.c.objc; path = BeerTableViewController.m; sourceTree = "<group>"; };
		FAE56B891A98F295002DBA35 /* BeerViewController.h */ = {isa = PBXFileReference; fileEncoding = 4; lastKnownFileType = sourcecode.c.h; path = BeerViewController.h; sourceTree = "<group>"; };
		FAE56B8A1A98F295002DBA35 /* BeerViewController.m */ = {isa = PBXFileReference; fileEncoding = 4; lastKnownFileType = sourcecode.c.objc; path = BeerViewController.m; sourceTree = "<group>"; };
		FAE56B8B1A98F295002DBA35 /* CategoryTableViewController.h */ = {isa = PBXFileReference; fileEncoding = 4; lastKnownFileType = sourcecode.c.h; path = CategoryTableViewController.h; sourceTree = "<group>"; };
		FAE56B8C1A98F295002DBA35 /* CategoryTableViewController.m */ = {isa = PBXFileReference; fileEncoding = 4; lastKnownFileType = sourcecode.c.objc; path = CategoryTableViewController.m; sourceTree = "<group>"; };
		FAE56B8D1A98F295002DBA35 /* StyleTableViewController.h */ = {isa = PBXFileReference; fileEncoding = 4; lastKnownFileType = sourcecode.c.h; path = StyleTableViewController.h; sourceTree = "<group>"; };
		FAE56B8E1A98F295002DBA35 /* StyleTableViewController.m */ = {isa = PBXFileReference; fileEncoding = 4; lastKnownFileType = sourcecode.c.objc; path = StyleTableViewController.m; sourceTree = "<group>"; };
		FDEC7377C08948FE6294B19A /* Pods.debug.xcconfig */ = {isa = PBXFileReference; includeInIndex = 1; lastKnownFileType = text.xcconfig; name = Pods.debug.xcconfig; path = "Pods/Target Support Files/Pods/Pods.debug.xcconfig"; sourceTree = "<group>"; };
/* End PBXFileReference section */

/* Begin PBXFrameworksBuildPhase section */
		FA4232971A8609EC00977CF0 /* Frameworks */ = {
			isa = PBXFrameworksBuildPhase;
			buildActionMask = 2147483647;
			files = (
				67EFEA3886C2CDE6C4CF650F /* libPods.a in Frameworks */,
			);
			runOnlyForDeploymentPostprocessing = 0;
		};
		FA4232B31A8609EC00977CF0 /* Frameworks */ = {
			isa = PBXFrameworksBuildPhase;
			buildActionMask = 2147483647;
			files = (
			);
			runOnlyForDeploymentPostprocessing = 0;
		};
/* End PBXFrameworksBuildPhase section */

/* Begin PBXGroup section */
		08E2408D309AB0E0F6A3A06A /* Pods */ = {
			isa = PBXGroup;
			children = (
				FDEC7377C08948FE6294B19A /* Pods.debug.xcconfig */,
				78118ABBD50ACBB5C4327FA8 /* Pods.release.xcconfig */,
			);
			name = Pods;
			sourceTree = "<group>";
		};
		C0F5DB4B0D2625AF6CB87903 /* Frameworks */ = {
			isa = PBXGroup;
			children = (
				615CDC253215BF20EFB1F963 /* libPods.a */,
			);
			name = Frameworks;
			sourceTree = "<group>";
		};
		FA4232911A8609EC00977CF0 = {
			isa = PBXGroup;
			children = (
				FAD806AC1A87CA3C0097610D /* Entitlements.plist */,
				FA42329C1A8609EC00977CF0 /* beer */,
				FA4232B91A8609EC00977CF0 /* beerTests */,
				FA42329B1A8609EC00977CF0 /* Products */,
				08E2408D309AB0E0F6A3A06A /* Pods */,
				C0F5DB4B0D2625AF6CB87903 /* Frameworks */,
			);
			sourceTree = "<group>";
		};
		FA42329B1A8609EC00977CF0 /* Products */ = {
			isa = PBXGroup;
			children = (
				FA42329A1A8609EC00977CF0 /* beer.app */,
				FA4232B61A8609EC00977CF0 /* beerTests.xctest */,
			);
			name = Products;
			sourceTree = "<group>";
		};
		FA42329C1A8609EC00977CF0 /* beer */ = {
			isa = PBXGroup;
			children = (
				FAE56B861A98F295002DBA35 /* controller */,
				FA4232C91A86108F00977CF0 /* metier */,
				FA4232A11A8609EC00977CF0 /* AppDelegate.h */,
				FA4232A21A8609EC00977CF0 /* AppDelegate.m */,
				FAE56B7F1A98E5C7002DBA35 /* Main.storyboard */,
				FA4232AD1A8609EC00977CF0 /* Images.xcassets */,
				FA4232AF1A8609EC00977CF0 /* LaunchScreen.xib */,
				FA42329D1A8609EC00977CF0 /* Supporting Files */,
			);
			path = beer;
			sourceTree = "<group>";
		};
		FA42329D1A8609EC00977CF0 /* Supporting Files */ = {
			isa = PBXGroup;
			children = (
				FA42329E1A8609EC00977CF0 /* Info.plist */,
				FA42329F1A8609EC00977CF0 /* main.m */,
			);
			name = "Supporting Files";
			sourceTree = "<group>";
		};
		FA4232B91A8609EC00977CF0 /* beerTests */ = {
			isa = PBXGroup;
			children = (
				FA4232BC1A8609EC00977CF0 /* beerTests.m */,
				FA4232BA1A8609EC00977CF0 /* Supporting Files */,
			);
			path = beerTests;
			sourceTree = "<group>";
		};
		FA4232BA1A8609EC00977CF0 /* Supporting Files */ = {
			isa = PBXGroup;
			children = (
				FA4232BB1A8609EC00977CF0 /* Info.plist */,
			);
			name = "Supporting Files";
			sourceTree = "<group>";
		};
		FA4232C91A86108F00977CF0 /* metier */ = {
			isa = PBXGroup;
			children = (
				FAE56B821A98F1B8002DBA35 /* Beer.m */,
				FA4232C61A860FC200977CF0 /* Beer.h */,
				FA1EAB721A9775D4001C0FB6 /* CategoryB.h */,
				FA1EAB731A977B6E001C0FB6 /* CategoryB.m */,
				FA1EAB781A9783BA001C0FB6 /* StyleB.h */,
				FAE56B841A98F26F002DBA35 /* StyleB.m */,
			);
			name = metier;
			sourceTree = "<group>";
		};
		FAE56B861A98F295002DBA35 /* controller */ = {
			isa = PBXGroup;
			children = (
				FAE56B871A98F295002DBA35 /* BeerTableViewController.h */,
				FAE56B881A98F295002DBA35 /* BeerTableViewController.m */,
				FAE56B891A98F295002DBA35 /* BeerViewController.h */,
				FAE56B8A1A98F295002DBA35 /* BeerViewController.m */,
				FAE56B8B1A98F295002DBA35 /* CategoryTableViewController.h */,
				FAE56B8C1A98F295002DBA35 /* CategoryTableViewController.m */,
				FAE56B8D1A98F295002DBA35 /* StyleTableViewController.h */,
				FAE56B8E1A98F295002DBA35 /* StyleTableViewController.m */,
			);
			path = controller;
			sourceTree = "<group>";
		};
/* End PBXGroup section */

/* Begin PBXNativeTarget section */
		FA4232991A8609EC00977CF0 /* beer */ = {
			isa = PBXNativeTarget;
			buildConfigurationList = FA4232C01A8609EC00977CF0 /* Build configuration list for PBXNativeTarget "beer" */;
			buildPhases = (
				19B46764052668E7D1E5FAB3 /* Check Pods Manifest.lock */,
				FA4232961A8609EC00977CF0 /* Sources */,
				FA4232971A8609EC00977CF0 /* Frameworks */,
				FA4232981A8609EC00977CF0 /* Resources */,
				1B4DE5A86C2F4E1953D1ED61 /* Copy Pods Resources */,
			);
			buildRules = (
			);
			dependencies = (
			);
			name = beer;
			productName = beer;
			productReference = FA42329A1A8609EC00977CF0 /* beer.app */;
			productType = "com.apple.product-type.application";
		};
		FA4232B51A8609EC00977CF0 /* beerTests */ = {
			isa = PBXNativeTarget;
			buildConfigurationList = FA4232C31A8609EC00977CF0 /* Build configuration list for PBXNativeTarget "beerTests" */;
			buildPhases = (
				FA4232B21A8609EC00977CF0 /* Sources */,
				FA4232B31A8609EC00977CF0 /* Frameworks */,
				FA4232B41A8609EC00977CF0 /* Resources */,
			);
			buildRules = (
			);
			dependencies = (
				FA4232B81A8609EC00977CF0 /* PBXTargetDependency */,
			);
			name = beerTests;
			productName = beerTests;
			productReference = FA4232B61A8609EC00977CF0 /* beerTests.xctest */;
			productType = "com.apple.product-type.bundle.unit-test";
		};
/* End PBXNativeTarget section */

/* Begin PBXProject section */
		FA4232921A8609EC00977CF0 /* Project object */ = {
			isa = PBXProject;
			attributes = {
				LastUpgradeCheck = 0610;
				ORGANIZATIONNAME = momo;
				TargetAttributes = {
					FA4232991A8609EC00977CF0 = {
						CreatedOnToolsVersion = 6.1.1;
					};
					FA4232B51A8609EC00977CF0 = {
						CreatedOnToolsVersion = 6.1.1;
						TestTargetID = FA4232991A8609EC00977CF0;
					};
				};
			};
			buildConfigurationList = FA4232951A8609EC00977CF0 /* Build configuration list for PBXProject "beer" */;
			compatibilityVersion = "Xcode 3.2";
			developmentRegion = English;
			hasScannedForEncodings = 0;
			knownRegions = (
				en,
				Base,
			);
			mainGroup = FA4232911A8609EC00977CF0;
			productRefGroup = FA42329B1A8609EC00977CF0 /* Products */;
			projectDirPath = "";
			projectRoot = "";
			targets = (
				FA4232991A8609EC00977CF0 /* beer */,
				FA4232B51A8609EC00977CF0 /* beerTests */,
			);
		};
/* End PBXProject section */

/* Begin PBXResourcesBuildPhase section */
		FA4232981A8609EC00977CF0 /* Resources */ = {
			isa = PBXResourcesBuildPhase;
			buildActionMask = 2147483647;
			files = (
				FAD806AD1A87CA3C0097610D /* Entitlements.plist in Resources */,
				FA4232B11A8609EC00977CF0 /* LaunchScreen.xib in Resources */,
				FA4232AE1A8609EC00977CF0 /* Images.xcassets in Resources */,
				FAE56B811A98E5C7002DBA35 /* Main.storyboard in Resources */,
			);
			runOnlyForDeploymentPostprocessing = 0;
		};
		FA4232B41A8609EC00977CF0 /* Resources */ = {
			isa = PBXResourcesBuildPhase;
			buildActionMask = 2147483647;
			files = (
			);
			runOnlyForDeploymentPostprocessing = 0;
		};
/* End PBXResourcesBuildPhase section */

/* Begin PBXShellScriptBuildPhase section */
		19B46764052668E7D1E5FAB3 /* Check Pods Manifest.lock */ = {
			isa = PBXShellScriptBuildPhase;
			buildActionMask = 2147483647;
			files = (
			);
			inputPaths = (
			);
			name = "Check Pods Manifest.lock";
			outputPaths = (
			);
			runOnlyForDeploymentPostprocessing = 0;
			shellPath = /bin/sh;
			shellScript = "diff \"${PODS_ROOT}/../Podfile.lock\" \"${PODS_ROOT}/Manifest.lock\" > /dev/null\nif [[ $? != 0 ]] ; then\n    cat << EOM\nerror: The sandbox is not in sync with the Podfile.lock. Run 'pod install' or update your CocoaPods installation.\nEOM\n    exit 1\nfi\n";
			showEnvVarsInLog = 0;
		};
		1B4DE5A86C2F4E1953D1ED61 /* Copy Pods Resources */ = {
			isa = PBXShellScriptBuildPhase;
			buildActionMask = 2147483647;
			files = (
			);
			inputPaths = (
			);
			name = "Copy Pods Resources";
			outputPaths = (
			);
			runOnlyForDeploymentPostprocessing = 0;
			shellPath = /bin/sh;
			shellScript = "\"${SRCROOT}/Pods/Target Support Files/Pods/Pods-resources.sh\"\n";
			showEnvVarsInLog = 0;
		};
/* End PBXShellScriptBuildPhase section */

/* Begin PBXSourcesBuildPhase section */
		FA4232961A8609EC00977CF0 /* Sources */ = {
			isa = PBXSourcesBuildPhase;
			buildActionMask = 2147483647;
			files = (
				FAE56B911A98F295002DBA35 /* CategoryTableViewController.m in Sources */,
				FAE56B851A98F26F002DBA35 /* StyleB.m in Sources */,
				FAE56B8F1A98F295002DBA35 /* BeerTableViewController.m in Sources */,
				FAE56B831A98F1B8002DBA35 /* Beer.m in Sources */,
				FA4232A31A8609EC00977CF0 /* AppDelegate.m in Sources */,
				FAE56B901A98F295002DBA35 /* BeerViewController.m in Sources */,
				FAE56B921A98F295002DBA35 /* StyleTableViewController.m in Sources */,
				FA1EAB741A977B6E001C0FB6 /* CategoryB.m in Sources */,
				FA4232A01A8609EC00977CF0 /* main.m in Sources */,
			);
			runOnlyForDeploymentPostprocessing = 0;
		};
		FA4232B21A8609EC00977CF0 /* Sources */ = {
			isa = PBXSourcesBuildPhase;
			buildActionMask = 2147483647;
			files = (
				FA4232BD1A8609EC00977CF0 /* beerTests.m in Sources */,
			);
			runOnlyForDeploymentPostprocessing = 0;
		};
/* End PBXSourcesBuildPhase section */

/* Begin PBXTargetDependency section */
		FA4232B81A8609EC00977CF0 /* PBXTargetDependency */ = {
			isa = PBXTargetDependency;
			target = FA4232991A8609EC00977CF0 /* beer */;
			targetProxy = FA4232B71A8609EC00977CF0 /* PBXContainerItemProxy */;
		};
/* End PBXTargetDependency section */

/* Begin PBXVariantGroup section */
		FA4232AF1A8609EC00977CF0 /* LaunchScreen.xib */ = {
			isa = PBXVariantGroup;
			children = (
				FA4232B01A8609EC00977CF0 /* Base */,
			);
			name = LaunchScreen.xib;
			sourceTree = "<group>";
		};
		FAE56B7F1A98E5C7002DBA35 /* Main.storyboard */ = {
			isa = PBXVariantGroup;
			children = (
				FAE56B801A98E5C7002DBA35 /* Base */,
			);
			name = Main.storyboard;
			sourceTree = "<group>";
		};
/* End PBXVariantGroup section */

/* Begin XCBuildConfiguration section */
		FA4232BE1A8609EC00977CF0 /* Debug */ = {
			isa = XCBuildConfiguration;
			buildSettings = {
				ALWAYS_SEARCH_USER_PATHS = NO;
				CLANG_CXX_LANGUAGE_STANDARD = "gnu++0x";
				CLANG_CXX_LIBRARY = "libc++";
				CLANG_ENABLE_MODULES = YES;
				CLANG_ENABLE_OBJC_ARC = YES;
				CLANG_WARN_BOOL_CONVERSION = YES;
				CLANG_WARN_CONSTANT_CONVERSION = YES;
				CLANG_WARN_DIRECT_OBJC_ISA_USAGE = YES_ERROR;
				CLANG_WARN_EMPTY_BODY = YES;
				CLANG_WARN_ENUM_CONVERSION = YES;
				CLANG_WARN_INT_CONVERSION = YES;
				CLANG_WARN_OBJC_ROOT_CLASS = YES_ERROR;
				CLANG_WARN_UNREACHABLE_CODE = YES;
				CLANG_WARN__DUPLICATE_METHOD_MATCH = YES;
				CODE_SIGN_ENTITLEMENTS = Entitlements.plist;
				CODE_SIGN_IDENTITY = "-";
				"CODE_SIGN_IDENTITY[sdk=iphoneos*]" = "-";
				COPY_PHASE_STRIP = NO;
				ENABLE_STRICT_OBJC_MSGSEND = YES;
				GCC_C_LANGUAGE_STANDARD = gnu99;
				GCC_DYNAMIC_NO_PIC = NO;
				GCC_OPTIMIZATION_LEVEL = 0;
				GCC_PREPROCESSOR_DEFINITIONS = (
					"DEBUG=1",
					"$(inherited)",
				);
				GCC_SYMBOLS_PRIVATE_EXTERN = NO;
				GCC_WARN_64_TO_32_BIT_CONVERSION = YES;
				GCC_WARN_ABOUT_RETURN_TYPE = YES_ERROR;
				GCC_WARN_UNDECLARED_SELECTOR = YES;
				GCC_WARN_UNINITIALIZED_AUTOS = YES_AGGRESSIVE;
				GCC_WARN_UNUSED_FUNCTION = YES;
				GCC_WARN_UNUSED_VARIABLE = YES;
				IPHONEOS_DEPLOYMENT_TARGET = 8.1;
				MTL_ENABLE_DEBUG_INFO = YES;
				ONLY_ACTIVE_ARCH = YES;
				SDKROOT = iphoneos;
				TARGETED_DEVICE_FAMILY = "1,2";
			};
			name = Debug;
		};
		FA4232BF1A8609EC00977CF0 /* Release */ = {
			isa = XCBuildConfiguration;
			buildSettings = {
				ALWAYS_SEARCH_USER_PATHS = NO;
				CLANG_CXX_LANGUAGE_STANDARD = "gnu++0x";
				CLANG_CXX_LIBRARY = "libc++";
				CLANG_ENABLE_MODULES = YES;
				CLANG_ENABLE_OBJC_ARC = YES;
				CLANG_WARN_BOOL_CONVERSION = YES;
				CLANG_WARN_CONSTANT_CONVERSION = YES;
				CLANG_WARN_DIRECT_OBJC_ISA_USAGE = YES_ERROR;
				CLANG_WARN_EMPTY_BODY = YES;
				CLANG_WARN_ENUM_CONVERSION = YES;
				CLANG_WARN_INT_CONVERSION = YES;
				CLANG_WARN_OBJC_ROOT_CLASS = YES_ERROR;
				CLANG_WARN_UNREACHABLE_CODE = YES;
				CLANG_WARN__DUPLICATE_METHOD_MATCH = YES;
				CODE_SIGN_ENTITLEMENTS = Entitlements.plist;
				CODE_SIGN_IDENTITY = "-";
				"CODE_SIGN_IDENTITY[sdk=iphoneos*]" = "-";
				COPY_PHASE_STRIP = YES;
				ENABLE_NS_ASSERTIONS = NO;
				ENABLE_STRICT_OBJC_MSGSEND = YES;
				GCC_C_LANGUAGE_STANDARD = gnu99;
				GCC_WARN_64_TO_32_BIT_CONVERSION = YES;
				GCC_WARN_ABOUT_RETURN_TYPE = YES_ERROR;
				GCC_WARN_UNDECLARED_SELECTOR = YES;
				GCC_WARN_UNINITIALIZED_AUTOS = YES_AGGRESSIVE;
				GCC_WARN_UNUSED_FUNCTION = YES;
				GCC_WARN_UNUSED_VARIABLE = YES;
				IPHONEOS_DEPLOYMENT_TARGET = 8.1;
				MTL_ENABLE_DEBUG_INFO = NO;
				SDKROOT = iphoneos;
				TARGETED_DEVICE_FAMILY = "1,2";
				VALIDATE_PRODUCT = YES;
			};
			name = Release;
		};
		FA4232C11A8609EC00977CF0 /* Debug */ = {
			isa = XCBuildConfiguration;
			baseConfigurationReference = FDEC7377C08948FE6294B19A /* Pods.debug.xcconfig */;
			buildSettings = {
				ASSETCATALOG_COMPILER_APPICON_NAME = AppIcon;
				"CODE_SIGN_IDENTITY[sdk=iphoneos*]" = "-";
				INFOPLIST_FILE = beer/Info.plist;
				IPHONEOS_DEPLOYMENT_TARGET = 8.1;
				LD_RUNPATH_SEARCH_PATHS = "$(inherited) @executable_path/Frameworks";
				MTL_ENABLE_DEBUG_INFO = "Beer Dev";
				PRODUCT_NAME = "$(TARGET_NAME)";
			};
			name = Debug;
		};
		FA4232C21A8609EC00977CF0 /* Release */ = {
			isa = XCBuildConfiguration;
			baseConfigurationReference = 78118ABBD50ACBB5C4327FA8 /* Pods.release.xcconfig */;
			buildSettings = {
				ASSETCATALOG_COMPILER_APPICON_NAME = AppIcon;
				"CODE_SIGN_IDENTITY[sdk=iphoneos*]" = "-";
				INFOPLIST_FILE = beer/Info.plist;
				IPHONEOS_DEPLOYMENT_TARGET = 8.1;
				LD_RUNPATH_SEARCH_PATHS = "$(inherited) @executable_path/Frameworks";
				MTL_ENABLE_DEBUG_INFO = "Beer AdHoc";
				ONLY_ACTIVE_ARCH = NO;
				PRODUCT_NAME = "$(TARGET_NAME)";
			};
			name = Release;
		};
		FA4232C41A8609EC00977CF0 /* Debug */ = {
			isa = XCBuildConfiguration;
			buildSettings = {
				BUNDLE_LOADER = "$(TEST_HOST)";
				FRAMEWORK_SEARCH_PATHS = (
					"$(SDKROOT)/Developer/Library/Frameworks",
					"$(inherited)",
				);
				GCC_PREPROCESSOR_DEFINITIONS = (
					"DEBUG=1",
					"$(inherited)",
				);
				INFOPLIST_FILE = beerTests/Info.plist;
				LD_RUNPATH_SEARCH_PATHS = "$(inherited) @executable_path/Frameworks @loader_path/Frameworks";
				PRODUCT_NAME = "$(TARGET_NAME)";
				TEST_HOST = "$(BUILT_PRODUCTS_DIR)/beer.app/beer";
			};
			name = Debug;
		};
		FA4232C51A8609EC00977CF0 /* Release */ = {
			isa = XCBuildConfiguration;
			buildSettings = {
				BUNDLE_LOADER = "$(TEST_HOST)";
				FRAMEWORK_SEARCH_PATHS = (
					"$(SDKROOT)/Developer/Library/Frameworks",
					"$(inherited)",
				);
				INFOPLIST_FILE = beerTests/Info.plist;
				LD_RUNPATH_SEARCH_PATHS = "$(inherited) @executable_path/Frameworks @loader_path/Frameworks";
				PRODUCT_NAME = "$(TARGET_NAME)";
				TEST_HOST = "$(BUILT_PRODUCTS_DIR)/beer.app/beer";
			};
			name = Release;
		};
/* End XCBuildConfiguration section */

/* Begin XCConfigurationList section */
		FA4232951A8609EC00977CF0 /* Build configuration list for PBXProject "beer" */ = {
			isa = XCConfigurationList;
			buildConfigurations = (
				FA4232BE1A8609EC00977CF0 /* Debug */,
				FA4232BF1A8609EC00977CF0 /* Release */,
			);
			defaultConfigurationIsVisible = 0;
			defaultConfigurationName = Release;
		};
		FA4232C01A8609EC00977CF0 /* Build configuration list for PBXNativeTarget "beer" */ = {
			isa = XCConfigurationList;
			buildConfigurations = (
				FA4232C11A8609EC00977CF0 /* Debug */,
				FA4232C21A8609EC00977CF0 /* Release */,
			);
			defaultConfigurationIsVisible = 0;
			defaultConfigurationName = Release;
		};
		FA4232C31A8609EC00977CF0 /* Build configuration list for PBXNativeTarget "beerTests" */ = {
			isa = XCConfigurationList;
			buildConfigurations = (
				FA4232C41A8609EC00977CF0 /* Debug */,
				FA4232C51A8609EC00977CF0 /* Release */,
			);
			defaultConfigurationIsVisible = 0;
			defaultConfigurationName = Release;
		};
/* End XCConfigurationList section */
	};
	rootObject = FA4232921A8609EC00977CF0 /* Project object */;
}
